// !$*UTF8*$!
{
	archiveVersion = 1;
	classes = {
	};
	objectVersion = 46;
	objects = {

/* Begin PBXBuildFile section */
		F6F18BB31CB6A68200DD8C5A /* AppDelegate.swift in Sources */ = {isa = PBXBuildFile; fileRef = F6F18BB21CB6A68200DD8C5A /* AppDelegate.swift */; };
		F6F18BB51CB6A68200DD8C5A /* ViewController.swift in Sources */ = {isa = PBXBuildFile; fileRef = F6F18BB41CB6A68200DD8C5A /* ViewController.swift */; };
		F6F18BB81CB6A68200DD8C5A /* Main.storyboard in Resources */ = {isa = PBXBuildFile; fileRef = F6F18BB61CB6A68200DD8C5A /* Main.storyboard */; };
		F6F18BBA1CB6A68200DD8C5A /* Assets.xcassets in Resources */ = {isa = PBXBuildFile; fileRef = F6F18BB91CB6A68200DD8C5A /* Assets.xcassets */; };
		F6F18BBD1CB6A68200DD8C5A /* LaunchScreen.storyboard in Resources */ = {isa = PBXBuildFile; fileRef = F6F18BBB1CB6A68200DD8C5A /* LaunchScreen.storyboard */; };
		F6F18BC51CBC0E0800DD8C5A /* FactModel.swift in Sources */ = {isa = PBXBuildFile; fileRef = F6F18BC41CBC0E0800DD8C5A /* FactModel.swift */; };
		F6F18BC71CBD772000DD8C5A /* ColorModel.swift in Sources */ = {isa = PBXBuildFile; fileRef = F6F18BC61CBD772000DD8C5A /* ColorModel.swift */; };
/* End PBXBuildFile section */

/* Begin PBXFileReference section */
		F6F18BAF1CB6A68200DD8C5A /* FunFacts.app */ = {isa = PBXFileReference; explicitFileType = wrapper.application; includeInIndex = 0; path = FunFacts.app; sourceTree = BUILT_PRODUCTS_DIR; };
		F6F18BB21CB6A68200DD8C5A /* AppDelegate.swift */ = {isa = PBXFileReference; lastKnownFileType = sourcecode.swift; path = AppDelegate.swift; sourceTree = "<group>"; };
		F6F18BB41CB6A68200DD8C5A /* ViewController.swift */ = {isa = PBXFileReference; lastKnownFileType = sourcecode.swift; path = ViewController.swift; sourceTree = "<group>"; };
		F6F18BB71CB6A68200DD8C5A /* Base */ = {isa = PBXFileReference; lastKnownFileType = file.storyboard; name = Base; path = Base.lproj/Main.storyboard; sourceTree = "<group>"; };
		F6F18BB91CB6A68200DD8C5A /* Assets.xcassets */ = {isa = PBXFileReference; lastKnownFileType = folder.assetcatalog; path = Assets.xcassets; sourceTree = "<group>"; };
		F6F18BBC1CB6A68200DD8C5A /* Base */ = {isa = PBXFileReference; lastKnownFileType = file.storyboard; name = Base; path = Base.lproj/LaunchScreen.storyboard; sourceTree = "<group>"; };
		F6F18BBE1CB6A68200DD8C5A /* Info.plist */ = {isa = PBXFileReference; lastKnownFileType = text.plist.xml; path = Info.plist; sourceTree = "<group>"; };
		F6F18BC41CBC0E0800DD8C5A /* FactModel.swift */ = {isa = PBXFileReference; fileEncoding = 4; lastKnownFileType = sourcecode.swift; path = FactModel.swift; sourceTree = "<group>"; };
		F6F18BC61CBD772000DD8C5A /* ColorModel.swift */ = {isa = PBXFileReference; fileEncoding = 4; lastKnownFileType = sourcecode.swift; path = ColorModel.swift; sourceTree = "<group>"; };
/* End PBXFileReference section */

/* Begin PBXFrameworksBuildPhase section */
		F6F18BAC1CB6A68200DD8C5A /* Frameworks */ = {
			isa = PBXFrameworksBuildPhase;
			buildActionMask = 2147483647;
			files = (
			);
			runOnlyForDeploymentPostprocessing = 0;
		};
/* End PBXFrameworksBuildPhase section */

/* Begin PBXGroup section */
		F6F18BA61CB6A68200DD8C5A = {
			isa = PBXGroup;
			children = (
				F6F18BB11CB6A68200DD8C5A /* FunFacts */,
				F6F18BB01CB6A68200DD8C5A /* Products */,
			);
			sourceTree = "<group>";
		};
		F6F18BB01CB6A68200DD8C5A /* Products */ = {
			isa = PBXGroup;
			children = (
				F6F18BAF1CB6A68200DD8C5A /* FunFacts.app */,
			);
			name = Products;
			sourceTree = "<group>";
		};
		F6F18BB11CB6A68200DD8C5A /* FunFacts */ = {
			isa = PBXGroup;
			children = (
				F6F18BB21CB6A68200DD8C5A /* AppDelegate.swift */,
				F6F18BB41CB6A68200DD8C5A /* ViewController.swift */,
				F6F18BC61CBD772000DD8C5A /* ColorModel.swift */,
				F6F18BC41CBC0E0800DD8C5A /* FactModel.swift */,
				F6F18BB61CB6A68200DD8C5A /* Main.storyboard */,
				F6F18BB91CB6A68200DD8C5A /* Assets.xcassets */,
				F6F18BBB1CB6A68200DD8C5A /* LaunchScreen.storyboard */,
				F6F18BBE1CB6A68200DD8C5A /* Info.plist */,
			);
			path = FunFacts;
			sourceTree = "<group>";
		};
/* End PBXGroup section */

/* Begin PBXNativeTarget section */
		F6F18BAE1CB6A68200DD8C5A /* FunFacts */ = {
			isa = PBXNativeTarget;
			buildConfigurationList = F6F18BC11CB6A68200DD8C5A /* Build configuration list for PBXNativeTarget "FunFacts" */;
			buildPhases = (
				F6F18BAB1CB6A68200DD8C5A /* Sources */,
				F6F18BAC1CB6A68200DD8C5A /* Frameworks */,
				F6F18BAD1CB6A68200DD8C5A /* Resources */,
			);
			buildRules = (
			);
			dependencies = (
			);
			name = FunFacts;
			productName = FunFacts;
			productReference = F6F18BAF1CB6A68200DD8C5A /* FunFacts.app */;
			productType = "com.apple.product-type.application";
		};
/* End PBXNativeTarget section */

/* Begin PBXProject section */
		F6F18BA71CB6A68200DD8C5A /* Project object */ = {
			isa = PBXProject;
			attributes = {
				LastSwiftUpdateCheck = 0720;
				LastUpgradeCheck = 0720;
				ORGANIZATIONNAME = "William Cook";
				TargetAttributes = {
					F6F18BAE1CB6A68200DD8C5A = {
						CreatedOnToolsVersion = 7.2.1;
					};
				};
			};
			buildConfigurationList = F6F18BAA1CB6A68200DD8C5A /* Build configuration list for PBXProject "FunFacts" */;
			compatibilityVersion = "Xcode 3.2";
			developmentRegion = English;
			hasScannedForEncodings = 0;
			knownRegions = (
				en,
				Base,
			);
			mainGroup = F6F18BA61CB6A68200DD8C5A;
			productRefGroup = F6F18BB01CB6A68200DD8C5A /* Products */;
			projectDirPath = "";
			projectRoot = "";
			targets = (
				F6F18BAE1CB6A68200DD8C5A /* FunFacts */,
			);
		};
/* End PBXProject section */

/* Begin PBXResourcesBuildPhase section */
		F6F18BAD1CB6A68200DD8C5A /* Resources */ = {
			isa = PBXResourcesBuildPhase;
			buildActionMask = 2147483647;
			files = (
				F6F18BBD1CB6A68200DD8C5A /* LaunchScreen.storyboard in Resources */,
				F6F18BBA1CB6A68200DD8C5A /* Assets.xcassets in Resources */,
				F6F18BB81CB6A68200DD8C5A /* Main.storyboard in Resources */,
			);
			runOnlyForDeploymentPostprocessing = 0;
		};
/* End PBXResourcesBuildPhase section */

/* Begin PBXSourcesBuildPhase section */
		F6F18BAB1CB6A68200DD8C5A /* Sources */ = {
			isa = PBXSourcesBuildPhase;
			buildActionMask = 2147483647;
			files = (
				F6F18BC51CBC0E0800DD8C5A /* FactModel.swift in Sources */,
				F6F18BB51CB6A68200DD8C5A /* ViewController.swift in Sources */,
				F6F18BB31CB6A68200DD8C5A /* AppDelegate.swift in Sources */,
				F6F18BC71CBD772000DD8C5A /* ColorModel.swift in Sources */,
			);
			runOnlyForDeploymentPostprocessing = 0;
		};
/* End PBXSourcesBuildPhase section */

/* Begin PBXVariantGroup section */
		F6F18BB61CB6A68200DD8C5A /* Main.storyboard */ = {
			isa = PBXVariantGroup;
			children = (
				F6F18BB71CB6A68200DD8C5A /* Base */,
			);
			name = Main.storyboard;
			sourceTree = "<group>";
		};
		F6F18BBB1CB6A68200DD8C5A /* LaunchScreen.storyboard */ = {
			isa = PBXVariantGroup;
			children = (
				F6F18BBC1CB6A68200DD8C5A /* Base */,
			);
			name = LaunchScreen.storyboard;
			sourceTree = "<group>";
		};
/* End PBXVariantGroup section */

/* Begin XCBuildConfiguration section */
		F6F18BBF1CB6A68200DD8C5A /* Debug */ = {
			isa = XCBuildConfiguration;
			buildSettings = {
				ALWAYS_SEARCH_USER_PATHS = NO;
				CLANG_CXX_LANGUAGE_STANDARD = "gnu++0x";
				CLANG_CXX_LIBRARY = "libc++";
				CLANG_ENABLE_MODULES = YES;
				CLANG_ENABLE_OBJC_ARC = YES;
				CLANG_WARN_BOOL_CONVERSION = YES;
				CLANG_WARN_CONSTANT_CONVERSION = YES;
				CLANG_WARN_DIRECT_OBJC_ISA_USAGE = YES_ERROR;
				CLANG_WARN_EMPTY_BODY = YES;
				CLANG_WARN_ENUM_CONVERSION = YES;
				CLANG_WARN_INT_CONVERSION = YES;
				CLANG_WARN_OBJC_ROOT_CLASS = YES_ERROR;
				CLANG_WARN_UNREACHABLE_CODE = YES;
				CLANG_WARN__DUPLICATE_METHOD_MATCH = YES;
				"CODE_SIGN_IDENTITY[sdk=iphoneos*]" = "iPhone Developer";
				COPY_PHASE_STRIP = NO;
				DEBUG_INFORMATION_FORMAT = dwarf;
				ENABLE_STRICT_OBJC_MSGSEND = YES;
				ENABLE_TESTABILITY = YES;
				GCC_C_LANGUAGE_STANDARD = gnu99;
				GCC_DYNAMIC_NO_PIC = NO;
				GCC_NO_COMMON_BLOCKS = YES;
				GCC_OPTIMIZATION_LEVEL = 0;
				GCC_PREPROCESSOR_DEFINITIONS = (
					"DEBUG=1",
					"$(inherited)",
				);
				GCC_WARN_64_TO_32_BIT_CONVERSION = YES;
				GCC_WARN_ABOUT_RETURN_TYPE = YES_ERROR;
				GCC_WARN_UNDECLARED_SELECTOR = YES;
				GCC_WARN_UNINITIALIZED_AUTOS = YES_AGGRESSIVE;
				GCC_WARN_UNUSED_FUNCTION = YES;
				GCC_WARN_UNUSED_VARIABLE = YES;
				IPHONEOS_DEPLOYMENT_TARGET = 9.2;
				MTL_ENABLE_DEBUG_INFO = YES;
				ONLY_ACTIVE_ARCH = YES;
				SDKROOT = iphoneos;
				SWIFT_OPTIMIZATION_LEVEL = "-Onone";
			};
			name = Debug;
		};
		F6F18BC01CB6A68200DD8C5A /* Release */ = {
			isa = XCBuildConfiguration;
			buildSettings = {
				ALWAYS_SEARCH_USER_PATHS = NO;
				CLANG_CXX_LANGUAGE_STANDARD = "gnu++0x";
				CLANG_CXX_LIBRARY = "libc++";
				CLANG_ENABLE_MODULES = YES;
				CLANG_ENABLE_OBJC_ARC = YES;
				CLANG_WARN_BOOL_CONVERSION = YES;
				CLANG_WARN_CONSTANT_CONVERSION = YES;
				CLANG_WARN_DIRECT_OBJC_ISA_USAGE = YES_ERROR;
				CLANG_WARN_EMPTY_BODY = YES;
				CLANG_WARN_ENUM_CONVERSION = YES;
				CLANG_WARN_INT_CONVERSION = YES;
				CLANG_WARN_OBJC_ROOT_CLASS = YES_ERROR;
				CLANG_WARN_UNREACHABLE_CODE = YES;
				CLANG_WARN__DUPLICATE_METHOD_MATCH = YES;
				"CODE_SIGN_IDENTITY[sdk=iphoneos*]" = "iPhone Developer";
				COPY_PHASE_STRIP = NO;
				DEBUG_INFORMATION_FORMAT = "dwarf-with-dsym";
				ENABLE_NS_ASSERTIONS = NO;
				ENABLE_STRICT_OBJC_MSGSEND = YES;
				GCC_C_LANGUAGE_STANDARD = gnu99;
				GCC_NO_COMMON_BLOCKS = YES;
				GCC_WARN_64_TO_32_BIT_CONVERSION = YES;
				GCC_WARN_ABOUT_RETURN_TYPE = YES_ERROR;
				GCC_WARN_UNDECLARED_SELECTOR = YES;
				GCC_WARN_UNINITIALIZED_AUTOS = YES_AGGRESSIVE;
				GCC_WARN_UNUSED_FUNCTION = YES;
				GCC_WARN_UNUSED_VARIABLE = YES;
				IPHONEOS_DEPLOYMENT_TARGET = 9.2;
				MTL_ENABLE_DEBUG_INFO = NO;
				SDKROOT = iphoneos;
				VALIDATE_PRODUCT = YES;
			};
			name = Release;
		};
		F6F18BC21CB6A68200DD8C5A /* Debug */ = {
			isa = XCBuildConfiguration;
			buildSettings = {
				ASSETCATALOG_COMPILER_APPICON_NAME = AppIcon;
				INFOPLIST_FILE = FunFacts/Info.plist;
				IPHONEOS_DEPLOYMENT_TARGET = 9.2;
				LD_RUNPATH_SEARCH_PATHS = "$(inherited) @executable_path/Frameworks";
				PRODUCT_BUNDLE_IDENTIFIER = wilson.FunFacts;
				PRODUCT_NAME = "$(TARGET_NAME)";
				TARGETED_DEVICE_FAMILY = 1;
			};
			name = Debug;
		};
		F6F18BC31CB6A68200DD8C5A /* Release */ = {
			isa = XCBuildConfiguration;
			buildSettings = {
				ASSETCATALOG_COMPILER_APPICON_NAME = AppIcon;
				INFOPLIST_FILE = FunFacts/Info.plist;
				IPHONEOS_DEPLOYMENT_TARGET = 9.2;
				LD_RUNPATH_SEARCH_PATHS = "$(inherited) @executable_path/Frameworks";
				PRODUCT_BUNDLE_IDENTIFIER = wilson.FunFacts;
				PRODUCT_NAME = "$(TARGET_NAME)";
				TARGETED_DEVICE_FAMILY = 1;
			};
			name = Release;
		};
/* End XCBuildConfiguration section */

/* Begin XCConfigurationList section */
		F6F18BAA1CB6A68200DD8C5A /* Build configuration list for PBXProject "FunFacts" */ = {
			isa = XCConfigurationList;
			buildConfigurations = (
				F6F18BBF1CB6A68200DD8C5A /* Debug */,
				F6F18BC01CB6A68200DD8C5A /* Release */,
			);
			defaultConfigurationIsVisible = 0;
			defaultConfigurationName = Release;
		};
		F6F18BC11CB6A68200DD8C5A /* Build configuration list for PBXNativeTarget "FunFacts" */ = {
			isa = XCConfigurationList;
			buildConfigurations = (
				F6F18BC21CB6A68200DD8C5A /* Debug */,
				F6F18BC31CB6A68200DD8C5A /* Release */,
			);
			defaultConfigurationIsVisible = 0;
		};
/* End XCConfigurationList section */
	};
	rootObject = F6F18BA71CB6A68200DD8C5A /* Project object */;
}
